
Microsoft Visual Studio Solution File, Format Version 12.00
# Visual Studio Version 17
VisualStudioVersion = 17.7.34031.279
MinimumVisualStudioVersion = 10.0.40219.1
Project("{FAE04EC0-301F-11D3-BF4B-00C04F79EFBC}") = "Stack_demo", "Stack_demo\Stack_demo.csproj", "{6AC035FB-1305-4E9A-A2DB-14E609CE9811}"
EndProject
Global
	GlobalSection(SolutionConfigurationPlatforms) = preSolution
		Debug|Any CPU = Debug|Any CPU
		Release|Any CPU = Release|Any CPU
	EndGlobalSection
	GlobalSection(ProjectConfigurationPlatforms) = postSolution
		{6AC035FB-1305-4E9A-A2DB-14E609CE9811}.Debug|Any CPU.ActiveCfg = Debug|Any CPU
		{6AC035FB-1305-4E9A-A2DB-14E609CE9811}.Debug|Any CPU.Build.0 = Debug|Any CPU
		{6AC035FB-1305-4E9A-A2DB-14E609CE9811}.Release|Any CPU.ActiveCfg = Release|Any CPU
		{6AC035FB-1305-4E9A-A2DB-14E609CE9811}.Release|Any CPU.Build.0 = Release|Any CPU
	EndGlobalSection
	GlobalSection(SolutionProperties) = preSolution
		HideSolutionNode = FALSE
	EndGlobalSection
	GlobalSection(ExtensibilityGlobals) = postSolution
		SolutionGuid = {7ED6ACA9-FEBB-43D9-AB75-A1C99D0ED981}
	EndGlobalSection
EndGlobal
